moqueries.org/deephash v0.26.0 h1:KvMnNvb/N9lId0OOO1X6Yp2BifVuDuJJQH3epAeF178=
moqueries.org/deephash v0.26.0/go.mod h1:brwHe2Ks78ZEA1xIgUTEy0gtZfO7tJTqXT9haTdIRNE=
moqueries.org/runtime v0.4.0 h1:J5azoWrMEo8baBYKoJVlpw0dPjI5ZGJviPwvRJbG6Iw=
moqueries.org/runtime v0.4.0/go.mod h1:VDwSKhTpm8NBxE23Wp0+zCXiV4hvJZ6zbzh9y4LkGeE=
